
Microsoft Visual Studio Solution File, Format Version 12.00
# Visual Studio 15
VisualStudioVersion = 15.0.26124.0
MinimumVisualStudioVersion = 15.0.26124.0
Project("{2150E333-8FDC-42A3-9474-1A3956D46DE8}") = "Solution Items", "Solution Items", "{4CA2C501-1E47-4C8A-A91B-8E6A869628ED}"
	ProjectSection(SolutionItems) = preProject
		.editorconfig = .editorconfig
		Directory.Build.props = Directory.Build.props
		Directory.Build.targets = Directory.Build.targets
		LICENSE = LICENSE
		README.md = README.md
	EndProjectSection
EndProject
Project("{2150E333-8FDC-42A3-9474-1A3956D46DE8}") = "src", "src", "{2823B9F0-63E6-11EB-9BA9-63DCC0897BD5}"
EndProject
Project("{2150E333-8FDC-42A3-9474-1A3956D46DE8}") = "tests", "tests", "{302E7130-63E6-11EB-9BA9-63DCC0897BD5}"
EndProject
Project("{FAE04EC0-301F-11D3-BF4B-00C04F79EFBC}") = "ATAP.Utilities.StronglyTypedIDs.Interfaces", "src\ATAP.Utilities.StronglyTypedIDs.Interfaces\ATAP.Utilities.StronglyTypedIDs.Interfaces.csproj", "{A2D52831-6F3B-4182-8ECD-98961644815C}"
EndProject
Project("{FAE04EC0-301F-11D3-BF4B-00C04F79EFBC}") = "ATAP.Utilities.StronglyTypedIDs", "src\ATAP.Utilities.StronglyTypedIDs\ATAP.Utilities.StronglyTypedIDs.csproj", "{7499DE6B-67FE-495A-8EF9-82A0C16DD794}"
EndProject
Project("{FAE04EC0-301F-11D3-BF4B-00C04F79EFBC}") = "ATAP.Utilities.StronglyTypedIDs.JsonConverter.Shim.SystemTextJson", "src\ATAP.Utilities.StronglyTypedIDs.JsonConverter.Shim.SystemTextJson\ATAP.Utilities.StronglyTypedIDs.JsonConverter.Shim.SystemTextJson.csproj", "{37234B89-F841-46BB-A776-BA19313DA86E}"
EndProject
Project("{FAE04EC0-301F-11D3-BF4B-00C04F79EFBC}") = "ATAP.Utilities.StronglyTypedIDs.UnitTests", "tests\ATAP.Utilities.StronglyTypedIDs.UnitTests\ATAP.Utilities.StronglyTypedIDs.UnitTests.csproj", "{F727EE86-DA2D-4017-B861-DED703F2FC26}"
EndProject
Project("{FAE04EC0-301F-11D3-BF4B-00C04F79EFBC}") = "ATAP.Utilities.StronglyTypedIDs.JsonConverter.Shim.Newtonsoft", "src\ATAP.Utilities.StronglyTypedIDs.JsonConverter.Shim.Newtonsoft\ATAP.Utilities.StronglyTypedIDs.JsonConverter.Shim.Newtonsoft.csproj", "{DB5C8AAE-697D-49BF-8C17-1E0F07302167}"
EndProject
Project("{FAE04EC0-301F-11D3-BF4B-00C04F79EFBC}") = "ATAP.Utilities.Philote.Interfaces", "src\ATAP.Utilities.Philote.Interfaces\ATAP.Utilities.Philote.Interfaces.csproj", "{803BB93D-6152-40D1-968C-CD44CEF88379}"
EndProject
Project("{FAE04EC0-301F-11D3-BF4B-00C04F79EFBC}") = "ATAP.Utilities.Philote", "src\ATAP.Utilities.Philote\ATAP.Utilities.Philote.csproj", "{70181708-B2BB-41E7-B610-E680E9F55F47}"
EndProject
Project("{FAE04EC0-301F-11D3-BF4B-00C04F79EFBC}") = "ATAP.Utilities.Philote.UnitTests", "tests\ATAP.Utilities.Philote.UnitTests\ATAP.Utilities.Philote.UnitTests.csproj", "{C494E2B0-3AC9-4B66-A253-6369A8E2C2FE}"
EndProject
Project("{FAE04EC0-301F-11D3-BF4B-00C04F79EFBC}") = "ATAP.Utilities.Philote.IntegrationTests", "tests\ATAP.Utilities.Philote.IntegrationTests\ATAP.Utilities.Philote.IntegrationTests.csproj", "{FE7C3347-A407-4D2A-9254-7F2BA7AAC0BE}"
EndProject
Project("{FAE04EC0-301F-11D3-BF4B-00C04F79EFBC}") = "ATAP.Utilities.Collection.Extensions", "src\ATAP.Utilities.Collection.Extensions\ATAP.Utilities.Collection.Extensions.csproj", "{53BFC5D8-EA44-4016-8018-C73FA6970919}"
EndProject
Project("{FAE04EC0-301F-11D3-BF4B-00C04F79EFBC}") = "ATAP.Utilities.Collections.UnitTests", "tests\ATAP.Utilities.Collections.UnitTests\ATAP.Utilities.Collections.UnitTests.csproj", "{C1CCF318-5D27-40D9-9424-291D0428B17F}"
EndProject
Global
	GlobalSection(SolutionConfigurationPlatforms) = preSolution
		Debug|Any CPU = Debug|Any CPU
		Debug|x64 = Debug|x64
		Debug|x86 = Debug|x86
		Release|Any CPU = Release|Any CPU
		Release|x64 = Release|x64
		Release|x86 = Release|x86
	EndGlobalSection
	GlobalSection(SolutionProperties) = preSolution
		HideSolutionNode = FALSE
	EndGlobalSection
	GlobalSection(ProjectConfigurationPlatforms) = postSolution
		{A2D52831-6F3B-4182-8ECD-98961644815C}.Debug|Any CPU.ActiveCfg = Debug|Any CPU
		{A2D52831-6F3B-4182-8ECD-98961644815C}.Debug|Any CPU.Build.0 = Debug|Any CPU
		{A2D52831-6F3B-4182-8ECD-98961644815C}.Debug|x64.ActiveCfg = Debug|Any CPU
		{A2D52831-6F3B-4182-8ECD-98961644815C}.Debug|x64.Build.0 = Debug|Any CPU
		{A2D52831-6F3B-4182-8ECD-98961644815C}.Debug|x86.ActiveCfg = Debug|Any CPU
		{A2D52831-6F3B-4182-8ECD-98961644815C}.Debug|x86.Build.0 = Debug|Any CPU
		{A2D52831-6F3B-4182-8ECD-98961644815C}.Release|Any CPU.ActiveCfg = Release|Any CPU
		{A2D52831-6F3B-4182-8ECD-98961644815C}.Release|Any CPU.Build.0 = Release|Any CPU
		{A2D52831-6F3B-4182-8ECD-98961644815C}.Release|x64.ActiveCfg = Release|Any CPU
		{A2D52831-6F3B-4182-8ECD-98961644815C}.Release|x64.Build.0 = Release|Any CPU
		{A2D52831-6F3B-4182-8ECD-98961644815C}.Release|x86.ActiveCfg = Release|Any CPU
		{A2D52831-6F3B-4182-8ECD-98961644815C}.Release|x86.Build.0 = Release|Any CPU
		{7499DE6B-67FE-495A-8EF9-82A0C16DD794}.Debug|Any CPU.ActiveCfg = Debug|Any CPU
		{7499DE6B-67FE-495A-8EF9-82A0C16DD794}.Debug|Any CPU.Build.0 = Debug|Any CPU
		{7499DE6B-67FE-495A-8EF9-82A0C16DD794}.Debug|x64.ActiveCfg = Debug|Any CPU
		{7499DE6B-67FE-495A-8EF9-82A0C16DD794}.Debug|x64.Build.0 = Debug|Any CPU
		{7499DE6B-67FE-495A-8EF9-82A0C16DD794}.Debug|x86.ActiveCfg = Debug|Any CPU
		{7499DE6B-67FE-495A-8EF9-82A0C16DD794}.Debug|x86.Build.0 = Debug|Any CPU
		{7499DE6B-67FE-495A-8EF9-82A0C16DD794}.Release|Any CPU.ActiveCfg = Release|Any CPU
		{7499DE6B-67FE-495A-8EF9-82A0C16DD794}.Release|Any CPU.Build.0 = Release|Any CPU
		{7499DE6B-67FE-495A-8EF9-82A0C16DD794}.Release|x64.ActiveCfg = Release|Any CPU
		{7499DE6B-67FE-495A-8EF9-82A0C16DD794}.Release|x64.Build.0 = Release|Any CPU
		{7499DE6B-67FE-495A-8EF9-82A0C16DD794}.Release|x86.ActiveCfg = Release|Any CPU
		{7499DE6B-67FE-495A-8EF9-82A0C16DD794}.Release|x86.Build.0 = Release|Any CPU
		{37234B89-F841-46BB-A776-BA19313DA86E}.Debug|Any CPU.ActiveCfg = Debug|Any CPU
		{37234B89-F841-46BB-A776-BA19313DA86E}.Debug|Any CPU.Build.0 = Debug|Any CPU
		{37234B89-F841-46BB-A776-BA19313DA86E}.Debug|x64.ActiveCfg = Debug|Any CPU
		{37234B89-F841-46BB-A776-BA19313DA86E}.Debug|x64.Build.0 = Debug|Any CPU
		{37234B89-F841-46BB-A776-BA19313DA86E}.Debug|x86.ActiveCfg = Debug|Any CPU
		{37234B89-F841-46BB-A776-BA19313DA86E}.Debug|x86.Build.0 = Debug|Any CPU
		{37234B89-F841-46BB-A776-BA19313DA86E}.Release|Any CPU.ActiveCfg = Release|Any CPU
		{37234B89-F841-46BB-A776-BA19313DA86E}.Release|Any CPU.Build.0 = Release|Any CPU
		{37234B89-F841-46BB-A776-BA19313DA86E}.Release|x64.ActiveCfg = Release|Any CPU
		{37234B89-F841-46BB-A776-BA19313DA86E}.Release|x64.Build.0 = Release|Any CPU
		{37234B89-F841-46BB-A776-BA19313DA86E}.Release|x86.ActiveCfg = Release|Any CPU
		{37234B89-F841-46BB-A776-BA19313DA86E}.Release|x86.Build.0 = Release|Any CPU
		{F727EE86-DA2D-4017-B861-DED703F2FC26}.Debug|Any CPU.ActiveCfg = Debug|Any CPU
		{F727EE86-DA2D-4017-B861-DED703F2FC26}.Debug|Any CPU.Build.0 = Debug|Any CPU
		{F727EE86-DA2D-4017-B861-DED703F2FC26}.Debug|x64.ActiveCfg = Debug|Any CPU
		{F727EE86-DA2D-4017-B861-DED703F2FC26}.Debug|x64.Build.0 = Debug|Any CPU
		{F727EE86-DA2D-4017-B861-DED703F2FC26}.Debug|x86.ActiveCfg = Debug|Any CPU
		{F727EE86-DA2D-4017-B861-DED703F2FC26}.Debug|x86.Build.0 = Debug|Any CPU
		{F727EE86-DA2D-4017-B861-DED703F2FC26}.Release|Any CPU.ActiveCfg = Release|Any CPU
		{F727EE86-DA2D-4017-B861-DED703F2FC26}.Release|Any CPU.Build.0 = Release|Any CPU
		{F727EE86-DA2D-4017-B861-DED703F2FC26}.Release|x64.ActiveCfg = Release|Any CPU
		{F727EE86-DA2D-4017-B861-DED703F2FC26}.Release|x64.Build.0 = Release|Any CPU
		{F727EE86-DA2D-4017-B861-DED703F2FC26}.Release|x86.ActiveCfg = Release|Any CPU
		{F727EE86-DA2D-4017-B861-DED703F2FC26}.Release|x86.Build.0 = Release|Any CPU
		{DB5C8AAE-697D-49BF-8C17-1E0F07302167}.Debug|Any CPU.ActiveCfg = Debug|Any CPU
		{DB5C8AAE-697D-49BF-8C17-1E0F07302167}.Debug|Any CPU.Build.0 = Debug|Any CPU
		{DB5C8AAE-697D-49BF-8C17-1E0F07302167}.Debug|x64.ActiveCfg = Debug|Any CPU
		{DB5C8AAE-697D-49BF-8C17-1E0F07302167}.Debug|x64.Build.0 = Debug|Any CPU
		{DB5C8AAE-697D-49BF-8C17-1E0F07302167}.Debug|x86.ActiveCfg = Debug|Any CPU
		{DB5C8AAE-697D-49BF-8C17-1E0F07302167}.Debug|x86.Build.0 = Debug|Any CPU
		{DB5C8AAE-697D-49BF-8C17-1E0F07302167}.Release|Any CPU.ActiveCfg = Release|Any CPU
		{DB5C8AAE-697D-49BF-8C17-1E0F07302167}.Release|Any CPU.Build.0 = Release|Any CPU
		{DB5C8AAE-697D-49BF-8C17-1E0F07302167}.Release|x64.ActiveCfg = Release|Any CPU
		{DB5C8AAE-697D-49BF-8C17-1E0F07302167}.Release|x64.Build.0 = Release|Any CPU
		{DB5C8AAE-697D-49BF-8C17-1E0F07302167}.Release|x86.ActiveCfg = Release|Any CPU
		{DB5C8AAE-697D-49BF-8C17-1E0F07302167}.Release|x86.Build.0 = Release|Any CPU
		{803BB93D-6152-40D1-968C-CD44CEF88379}.Debug|Any CPU.ActiveCfg = Debug|Any CPU
		{803BB93D-6152-40D1-968C-CD44CEF88379}.Debug|Any CPU.Build.0 = Debug|Any CPU
		{803BB93D-6152-40D1-968C-CD44CEF88379}.Debug|x64.ActiveCfg = Debug|Any CPU
		{803BB93D-6152-40D1-968C-CD44CEF88379}.Debug|x64.Build.0 = Debug|Any CPU
		{803BB93D-6152-40D1-968C-CD44CEF88379}.Debug|x86.ActiveCfg = Debug|Any CPU
		{803BB93D-6152-40D1-968C-CD44CEF88379}.Debug|x86.Build.0 = Debug|Any CPU
		{803BB93D-6152-40D1-968C-CD44CEF88379}.Release|Any CPU.ActiveCfg = Release|Any CPU
		{803BB93D-6152-40D1-968C-CD44CEF88379}.Release|Any CPU.Build.0 = Release|Any CPU
		{803BB93D-6152-40D1-968C-CD44CEF88379}.Release|x64.ActiveCfg = Release|Any CPU
		{803BB93D-6152-40D1-968C-CD44CEF88379}.Release|x64.Build.0 = Release|Any CPU
		{803BB93D-6152-40D1-968C-CD44CEF88379}.Release|x86.ActiveCfg = Release|Any CPU
		{803BB93D-6152-40D1-968C-CD44CEF88379}.Release|x86.Build.0 = Release|Any CPU
		{70181708-B2BB-41E7-B610-E680E9F55F47}.Debug|Any CPU.ActiveCfg = Debug|Any CPU
		{70181708-B2BB-41E7-B610-E680E9F55F47}.Debug|Any CPU.Build.0 = Debug|Any CPU
		{70181708-B2BB-41E7-B610-E680E9F55F47}.Debug|x64.ActiveCfg = Debug|Any CPU
		{70181708-B2BB-41E7-B610-E680E9F55F47}.Debug|x64.Build.0 = Debug|Any CPU
		{70181708-B2BB-41E7-B610-E680E9F55F47}.Debug|x86.ActiveCfg = Debug|Any CPU
		{70181708-B2BB-41E7-B610-E680E9F55F47}.Debug|x86.Build.0 = Debug|Any CPU
		{70181708-B2BB-41E7-B610-E680E9F55F47}.Release|Any CPU.ActiveCfg = Release|Any CPU
		{70181708-B2BB-41E7-B610-E680E9F55F47}.Release|Any CPU.Build.0 = Release|Any CPU
		{70181708-B2BB-41E7-B610-E680E9F55F47}.Release|x64.ActiveCfg = Release|Any CPU
		{70181708-B2BB-41E7-B610-E680E9F55F47}.Release|x64.Build.0 = Release|Any CPU
		{70181708-B2BB-41E7-B610-E680E9F55F47}.Release|x86.ActiveCfg = Release|Any CPU
		{70181708-B2BB-41E7-B610-E680E9F55F47}.Release|x86.Build.0 = Release|Any CPU
		{C494E2B0-3AC9-4B66-A253-6369A8E2C2FE}.Debug|Any CPU.ActiveCfg = Debug|Any CPU
		{C494E2B0-3AC9-4B66-A253-6369A8E2C2FE}.Debug|Any CPU.Build.0 = Debug|Any CPU
		{C494E2B0-3AC9-4B66-A253-6369A8E2C2FE}.Debug|x64.ActiveCfg = Debug|Any CPU
		{C494E2B0-3AC9-4B66-A253-6369A8E2C2FE}.Debug|x64.Build.0 = Debug|Any CPU
		{C494E2B0-3AC9-4B66-A253-6369A8E2C2FE}.Debug|x86.ActiveCfg = Debug|Any CPU
		{C494E2B0-3AC9-4B66-A253-6369A8E2C2FE}.Debug|x86.Build.0 = Debug|Any CPU
		{C494E2B0-3AC9-4B66-A253-6369A8E2C2FE}.Release|Any CPU.ActiveCfg = Release|Any CPU
		{C494E2B0-3AC9-4B66-A253-6369A8E2C2FE}.Release|Any CPU.Build.0 = Release|Any CPU
		{C494E2B0-3AC9-4B66-A253-6369A8E2C2FE}.Release|x64.ActiveCfg = Release|Any CPU
		{C494E2B0-3AC9-4B66-A253-6369A8E2C2FE}.Release|x64.Build.0 = Release|Any CPU
		{C494E2B0-3AC9-4B66-A253-6369A8E2C2FE}.Release|x86.ActiveCfg = Release|Any CPU
		{C494E2B0-3AC9-4B66-A253-6369A8E2C2FE}.Release|x86.Build.0 = Release|Any CPU
		{FE7C3347-A407-4D2A-9254-7F2BA7AAC0BE}.Debug|Any CPU.ActiveCfg = Debug|Any CPU
		{FE7C3347-A407-4D2A-9254-7F2BA7AAC0BE}.Debug|Any CPU.Build.0 = Debug|Any CPU
		{FE7C3347-A407-4D2A-9254-7F2BA7AAC0BE}.Debug|x64.ActiveCfg = Debug|Any CPU
		{FE7C3347-A407-4D2A-9254-7F2BA7AAC0BE}.Debug|x64.Build.0 = Debug|Any CPU
		{FE7C3347-A407-4D2A-9254-7F2BA7AAC0BE}.Debug|x86.ActiveCfg = Debug|Any CPU
		{FE7C3347-A407-4D2A-9254-7F2BA7AAC0BE}.Debug|x86.Build.0 = Debug|Any CPU
		{FE7C3347-A407-4D2A-9254-7F2BA7AAC0BE}.Release|Any CPU.ActiveCfg = Release|Any CPU
		{FE7C3347-A407-4D2A-9254-7F2BA7AAC0BE}.Release|Any CPU.Build.0 = Release|Any CPU
		{FE7C3347-A407-4D2A-9254-7F2BA7AAC0BE}.Release|x64.ActiveCfg = Release|Any CPU
		{FE7C3347-A407-4D2A-9254-7F2BA7AAC0BE}.Release|x64.Build.0 = Release|Any CPU
		{FE7C3347-A407-4D2A-9254-7F2BA7AAC0BE}.Release|x86.ActiveCfg = Release|Any CPU
		{FE7C3347-A407-4D2A-9254-7F2BA7AAC0BE}.Release|x86.Build.0 = Release|Any CPU
		{53BFC5D8-EA44-4016-8018-C73FA6970919}.Debug|Any CPU.ActiveCfg = Debug|Any CPU
		{53BFC5D8-EA44-4016-8018-C73FA6970919}.Debug|Any CPU.Build.0 = Debug|Any CPU
		{53BFC5D8-EA44-4016-8018-C73FA6970919}.Debug|x64.ActiveCfg = Debug|Any CPU
		{53BFC5D8-EA44-4016-8018-C73FA6970919}.Debug|x64.Build.0 = Debug|Any CPU
		{53BFC5D8-EA44-4016-8018-C73FA6970919}.Debug|x86.ActiveCfg = Debug|Any CPU
		{53BFC5D8-EA44-4016-8018-C73FA6970919}.Debug|x86.Build.0 = Debug|Any CPU
		{53BFC5D8-EA44-4016-8018-C73FA6970919}.Release|Any CPU.ActiveCfg = Release|Any CPU
		{53BFC5D8-EA44-4016-8018-C73FA6970919}.Release|Any CPU.Build.0 = Release|Any CPU
		{53BFC5D8-EA44-4016-8018-C73FA6970919}.Release|x64.ActiveCfg = Release|Any CPU
		{53BFC5D8-EA44-4016-8018-C73FA6970919}.Release|x64.Build.0 = Release|Any CPU
		{53BFC5D8-EA44-4016-8018-C73FA6970919}.Release|x86.ActiveCfg = Release|Any CPU
		{53BFC5D8-EA44-4016-8018-C73FA6970919}.Release|x86.Build.0 = Release|Any CPU
		{C1CCF318-5D27-40D9-9424-291D0428B17F}.Debug|Any CPU.ActiveCfg = Debug|Any CPU
		{C1CCF318-5D27-40D9-9424-291D0428B17F}.Debug|Any CPU.Build.0 = Debug|Any CPU
		{C1CCF318-5D27-40D9-9424-291D0428B17F}.Debug|x64.ActiveCfg = Debug|Any CPU
		{C1CCF318-5D27-40D9-9424-291D0428B17F}.Debug|x64.Build.0 = Debug|Any CPU
		{C1CCF318-5D27-40D9-9424-291D0428B17F}.Debug|x86.ActiveCfg = Debug|Any CPU
		{C1CCF318-5D27-40D9-9424-291D0428B17F}.Debug|x86.Build.0 = Debug|Any CPU
		{C1CCF318-5D27-40D9-9424-291D0428B17F}.Release|Any CPU.ActiveCfg = Release|Any CPU
		{C1CCF318-5D27-40D9-9424-291D0428B17F}.Release|Any CPU.Build.0 = Release|Any CPU
		{C1CCF318-5D27-40D9-9424-291D0428B17F}.Release|x64.ActiveCfg = Release|Any CPU
		{C1CCF318-5D27-40D9-9424-291D0428B17F}.Release|x64.Build.0 = Release|Any CPU
		{C1CCF318-5D27-40D9-9424-291D0428B17F}.Release|x86.ActiveCfg = Release|Any CPU
		{C1CCF318-5D27-40D9-9424-291D0428B17F}.Release|x86.Build.0 = Release|Any CPU
	EndGlobalSection
	GlobalSection(NestedProjects) = preSolution
		{A2D52831-6F3B-4182-8ECD-98961644815C} = {2823B9F0-63E6-11EB-9BA9-63DCC0897BD5}
		{7499DE6B-67FE-495A-8EF9-82A0C16DD794} = {2823B9F0-63E6-11EB-9BA9-63DCC0897BD5}
		{37234B89-F841-46BB-A776-BA19313DA86E} = {2823B9F0-63E6-11EB-9BA9-63DCC0897BD5}
		{F727EE86-DA2D-4017-B861-DED703F2FC26} = {302E7130-63E6-11EB-9BA9-63DCC0897BD5}
		{DB5C8AAE-697D-49BF-8C17-1E0F07302167} = {2823B9F0-63E6-11EB-9BA9-63DCC0897BD5}
		{803BB93D-6152-40D1-968C-CD44CEF88379} = {2823B9F0-63E6-11EB-9BA9-63DCC0897BD5}
		{70181708-B2BB-41E7-B610-E680E9F55F47} = {2823B9F0-63E6-11EB-9BA9-63DCC0897BD5}
		{C494E2B0-3AC9-4B66-A253-6369A8E2C2FE} = {302E7130-63E6-11EB-9BA9-63DCC0897BD5}
		{FE7C3347-A407-4D2A-9254-7F2BA7AAC0BE} = {302E7130-63E6-11EB-9BA9-63DCC0897BD5}
		{53BFC5D8-EA44-4016-8018-C73FA6970919} = {2823B9F0-63E6-11EB-9BA9-63DCC0897BD5}
		{C1CCF318-5D27-40D9-9424-291D0428B17F} = {302E7130-63E6-11EB-9BA9-63DCC0897BD5}
	EndGlobalSection
EndGlobal
